// !$*UTF8*$!
{
	archiveVersion = 1;
	classes = {
	};
	objectVersion = 48;
	objects = {

/* Begin PBXBuildFile section */
		C59F52351FA936E0005DD413 /* AppDelegate.swift in Sources */ = {isa = PBXBuildFile; fileRef = C59F52341FA936E0005DD413 /* AppDelegate.swift */; };
		C59F52371FA936E0005DD413 /* HomeController.swift in Sources */ = {isa = PBXBuildFile; fileRef = C59F52361FA936E0005DD413 /* HomeController.swift */; };
		C59F523A1FA936E0005DD413 /* Main.storyboard in Resources */ = {isa = PBXBuildFile; fileRef = C59F52381FA936E0005DD413 /* Main.storyboard */; };
		C59F523C1FA936E0005DD413 /* Assets.xcassets in Resources */ = {isa = PBXBuildFile; fileRef = C59F523B1FA936E0005DD413 /* Assets.xcassets */; };
		C59F523F1FA936E0005DD413 /* LaunchScreen.storyboard in Resources */ = {isa = PBXBuildFile; fileRef = C59F523D1FA936E0005DD413 /* LaunchScreen.storyboard */; };
		C59F524A1FA936E1005DD413 /* YouTubeMediaTests.swift in Sources */ = {isa = PBXBuildFile; fileRef = C59F52491FA936E1005DD413 /* YouTubeMediaTests.swift */; };
		C59F52551FA936E1005DD413 /* YouTubeMediaUITests.swift in Sources */ = {isa = PBXBuildFile; fileRef = C59F52541FA936E1005DD413 /* YouTubeMediaUITests.swift */; };
		C5A81F231FB3BD2600BD9564 /* MenuBar.swift in Sources */ = {isa = PBXBuildFile; fileRef = C5A81F221FB3BD2600BD9564 /* MenuBar.swift */; };
		C5D06CF11FB11366005A734B /* Extensions.swift in Sources */ = {isa = PBXBuildFile; fileRef = C5D06CF01FB11366005A734B /* Extensions.swift */; };
		C5D06CF31FB11821005A734B /* VideorCell.swift in Sources */ = {isa = PBXBuildFile; fileRef = C5D06CF21FB11821005A734B /* VideorCell.swift */; };
/* End PBXBuildFile section */

/* Begin PBXContainerItemProxy section */
		C59F52461FA936E1005DD413 /* PBXContainerItemProxy */ = {
			isa = PBXContainerItemProxy;
			containerPortal = C59F52291FA936E0005DD413 /* Project object */;
			proxyType = 1;
			remoteGlobalIDString = C59F52301FA936E0005DD413;
			remoteInfo = YouTubeMedia;
		};
		C59F52511FA936E1005DD413 /* PBXContainerItemProxy */ = {
			isa = PBXContainerItemProxy;
			containerPortal = C59F52291FA936E0005DD413 /* Project object */;
			proxyType = 1;
			remoteGlobalIDString = C59F52301FA936E0005DD413;
			remoteInfo = YouTubeMedia;
		};
/* End PBXContainerItemProxy section */

/* Begin PBXFileReference section */
		C59F52311FA936E0005DD413 /* YouTubeMedia.app */ = {isa = PBXFileReference; explicitFileType = wrapper.application; includeInIndex = 0; path = YouTubeMedia.app; sourceTree = BUILT_PRODUCTS_DIR; };
		C59F52341FA936E0005DD413 /* AppDelegate.swift */ = {isa = PBXFileReference; lastKnownFileType = sourcecode.swift; path = AppDelegate.swift; sourceTree = "<group>"; };
		C59F52361FA936E0005DD413 /* HomeController.swift */ = {isa = PBXFileReference; lastKnownFileType = sourcecode.swift; path = HomeController.swift; sourceTree = "<group>"; };
		C59F52391FA936E0005DD413 /* Base */ = {isa = PBXFileReference; lastKnownFileType = file.storyboard; name = Base; path = Base.lproj/Main.storyboard; sourceTree = "<group>"; };
		C59F523B1FA936E0005DD413 /* Assets.xcassets */ = {isa = PBXFileReference; lastKnownFileType = folder.assetcatalog; path = Assets.xcassets; sourceTree = "<group>"; };
		C59F523E1FA936E0005DD413 /* Base */ = {isa = PBXFileReference; lastKnownFileType = file.storyboard; name = Base; path = Base.lproj/LaunchScreen.storyboard; sourceTree = "<group>"; };
		C59F52401FA936E1005DD413 /* Info.plist */ = {isa = PBXFileReference; lastKnownFileType = text.plist.xml; path = Info.plist; sourceTree = "<group>"; };
		C59F52451FA936E1005DD413 /* YouTubeMediaTests.xctest */ = {isa = PBXFileReference; explicitFileType = wrapper.cfbundle; includeInIndex = 0; path = YouTubeMediaTests.xctest; sourceTree = BUILT_PRODUCTS_DIR; };
		C59F52491FA936E1005DD413 /* YouTubeMediaTests.swift */ = {isa = PBXFileReference; lastKnownFileType = sourcecode.swift; path = YouTubeMediaTests.swift; sourceTree = "<group>"; };
		C59F524B1FA936E1005DD413 /* Info.plist */ = {isa = PBXFileReference; lastKnownFileType = text.plist.xml; path = Info.plist; sourceTree = "<group>"; };
		C59F52501FA936E1005DD413 /* YouTubeMediaUITests.xctest */ = {isa = PBXFileReference; explicitFileType = wrapper.cfbundle; includeInIndex = 0; path = YouTubeMediaUITests.xctest; sourceTree = BUILT_PRODUCTS_DIR; };
		C59F52541FA936E1005DD413 /* YouTubeMediaUITests.swift */ = {isa = PBXFileReference; lastKnownFileType = sourcecode.swift; path = YouTubeMediaUITests.swift; sourceTree = "<group>"; };
		C59F52561FA936E1005DD413 /* Info.plist */ = {isa = PBXFileReference; lastKnownFileType = text.plist.xml; path = Info.plist; sourceTree = "<group>"; };
		C5A81F221FB3BD2600BD9564 /* MenuBar.swift */ = {isa = PBXFileReference; lastKnownFileType = sourcecode.swift; path = MenuBar.swift; sourceTree = "<group>"; };
		C5D06CF01FB11366005A734B /* Extensions.swift */ = {isa = PBXFileReference; lastKnownFileType = sourcecode.swift; path = Extensions.swift; sourceTree = "<group>"; };
		C5D06CF21FB11821005A734B /* VideorCell.swift */ = {isa = PBXFileReference; lastKnownFileType = sourcecode.swift; path = VideorCell.swift; sourceTree = "<group>"; };
/* End PBXFileReference section */

/* Begin PBXFrameworksBuildPhase section */
		C59F522E1FA936E0005DD413 /* Frameworks */ = {
			isa = PBXFrameworksBuildPhase;
			buildActionMask = 2147483647;
			files = (
			);
			runOnlyForDeploymentPostprocessing = 0;
		};
		C59F52421FA936E1005DD413 /* Frameworks */ = {
			isa = PBXFrameworksBuildPhase;
			buildActionMask = 2147483647;
			files = (
			);
			runOnlyForDeploymentPostprocessing = 0;
		};
		C59F524D1FA936E1005DD413 /* Frameworks */ = {
			isa = PBXFrameworksBuildPhase;
			buildActionMask = 2147483647;
			files = (
			);
			runOnlyForDeploymentPostprocessing = 0;
		};
/* End PBXFrameworksBuildPhase section */

/* Begin PBXGroup section */
		C59F52281FA936E0005DD413 = {
			isa = PBXGroup;
			children = (
				C59F52331FA936E0005DD413 /* YouTubeMedia */,
				C59F52481FA936E1005DD413 /* YouTubeMediaTests */,
				C59F52531FA936E1005DD413 /* YouTubeMediaUITests */,
				C59F52321FA936E0005DD413 /* Products */,
			);
			sourceTree = "<group>";
		};
		C59F52321FA936E0005DD413 /* Products */ = {
			isa = PBXGroup;
			children = (
				C59F52311FA936E0005DD413 /* YouTubeMedia.app */,
				C59F52451FA936E1005DD413 /* YouTubeMediaTests.xctest */,
				C59F52501FA936E1005DD413 /* YouTubeMediaUITests.xctest */,
			);
			name = Products;
			sourceTree = "<group>";
		};
		C59F52331FA936E0005DD413 /* YouTubeMedia */ = {
			isa = PBXGroup;
			children = (
				C5D06CF61FB11867005A734B /* Controller */,
				C5D06CF51FB11862005A734B /* View */,
				C5D06CEF1FB11347005A734B /* HelperFile */,
				C59F52341FA936E0005DD413 /* AppDelegate.swift */,
				C59F52381FA936E0005DD413 /* Main.storyboard */,
				C59F523B1FA936E0005DD413 /* Assets.xcassets */,
				C59F523D1FA936E0005DD413 /* LaunchScreen.storyboard */,
				C59F52401FA936E1005DD413 /* Info.plist */,
			);
			path = YouTubeMedia;
			sourceTree = "<group>";
		};
		C59F52481FA936E1005DD413 /* YouTubeMediaTests */ = {
			isa = PBXGroup;
			children = (
				C59F52491FA936E1005DD413 /* YouTubeMediaTests.swift */,
				C59F524B1FA936E1005DD413 /* Info.plist */,
			);
			path = YouTubeMediaTests;
			sourceTree = "<group>";
		};
		C59F52531FA936E1005DD413 /* YouTubeMediaUITests */ = {
			isa = PBXGroup;
			children = (
				C59F52541FA936E1005DD413 /* YouTubeMediaUITests.swift */,
				C59F52561FA936E1005DD413 /* Info.plist */,
			);
			path = YouTubeMediaUITests;
			sourceTree = "<group>";
		};
		C5D06CEF1FB11347005A734B /* HelperFile */ = {
			isa = PBXGroup;
			children = (
				C5D06CF01FB11366005A734B /* Extensions.swift */,
			);
			path = HelperFile;
			sourceTree = "<group>";
		};
		C5D06CF51FB11862005A734B /* View */ = {
			isa = PBXGroup;
			children = (
				C5D06CF21FB11821005A734B /* VideorCell.swift */,
				C5A81F221FB3BD2600BD9564 /* MenuBar.swift */,
			);
			path = View;
			sourceTree = "<group>";
		};
		C5D06CF61FB11867005A734B /* Controller */ = {
			isa = PBXGroup;
			children = (
				C59F52361FA936E0005DD413 /* HomeController.swift */,
			);
			path = Controller;
			sourceTree = "<group>";
		};
/* End PBXGroup section */

/* Begin PBXNativeTarget section */
		C59F52301FA936E0005DD413 /* YouTubeMedia */ = {
			isa = PBXNativeTarget;
			buildConfigurationList = C59F52591FA936E1005DD413 /* Build configuration list for PBXNativeTarget "YouTubeMedia" */;
			buildPhases = (
				C59F522D1FA936E0005DD413 /* Sources */,
				C59F522E1FA936E0005DD413 /* Frameworks */,
				C59F522F1FA936E0005DD413 /* Resources */,
			);
			buildRules = (
			);
			dependencies = (
			);
			name = YouTubeMedia;
			productName = YouTubeMedia;
			productReference = C59F52311FA936E0005DD413 /* YouTubeMedia.app */;
			productType = "com.apple.product-type.application";
		};
		C59F52441FA936E1005DD413 /* YouTubeMediaTests */ = {
			isa = PBXNativeTarget;
			buildConfigurationList = C59F525C1FA936E1005DD413 /* Build configuration list for PBXNativeTarget "YouTubeMediaTests" */;
			buildPhases = (
				C59F52411FA936E1005DD413 /* Sources */,
				C59F52421FA936E1005DD413 /* Frameworks */,
				C59F52431FA936E1005DD413 /* Resources */,
			);
			buildRules = (
			);
			dependencies = (
				C59F52471FA936E1005DD413 /* PBXTargetDependency */,
			);
			name = YouTubeMediaTests;
			productName = YouTubeMediaTests;
			productReference = C59F52451FA936E1005DD413 /* YouTubeMediaTests.xctest */;
			productType = "com.apple.product-type.bundle.unit-test";
		};
		C59F524F1FA936E1005DD413 /* YouTubeMediaUITests */ = {
			isa = PBXNativeTarget;
			buildConfigurationList = C59F525F1FA936E1005DD413 /* Build configuration list for PBXNativeTarget "YouTubeMediaUITests" */;
			buildPhases = (
				C59F524C1FA936E1005DD413 /* Sources */,
				C59F524D1FA936E1005DD413 /* Frameworks */,
				C59F524E1FA936E1005DD413 /* Resources */,
			);
			buildRules = (
			);
			dependencies = (
				C59F52521FA936E1005DD413 /* PBXTargetDependency */,
			);
			name = YouTubeMediaUITests;
			productName = YouTubeMediaUITests;
			productReference = C59F52501FA936E1005DD413 /* YouTubeMediaUITests.xctest */;
			productType = "com.apple.product-type.bundle.ui-testing";
		};
/* End PBXNativeTarget section */

/* Begin PBXProject section */
		C59F52291FA936E0005DD413 /* Project object */ = {
			isa = PBXProject;
			attributes = {
				LastSwiftUpdateCheck = 0910;
				LastUpgradeCheck = 0910;
				ORGANIZATIONNAME = "ashim Dahal";
				TargetAttributes = {
					C59F52301FA936E0005DD413 = {
						CreatedOnToolsVersion = 9.1;
						ProvisioningStyle = Automatic;
					};
					C59F52441FA936E1005DD413 = {
						CreatedOnToolsVersion = 9.1;
						ProvisioningStyle = Automatic;
						TestTargetID = C59F52301FA936E0005DD413;
					};
					C59F524F1FA936E1005DD413 = {
						CreatedOnToolsVersion = 9.1;
						ProvisioningStyle = Automatic;
						TestTargetID = C59F52301FA936E0005DD413;
					};
				};
			};
			buildConfigurationList = C59F522C1FA936E0005DD413 /* Build configuration list for PBXProject "YouTubeMedia" */;
			compatibilityVersion = "Xcode 8.0";
			developmentRegion = en;
			hasScannedForEncodings = 0;
			knownRegions = (
				en,
				Base,
			);
			mainGroup = C59F52281FA936E0005DD413;
			productRefGroup = C59F52321FA936E0005DD413 /* Products */;
			projectDirPath = "";
			projectRoot = "";
			targets = (
				C59F52301FA936E0005DD413 /* YouTubeMedia */,
				C59F52441FA936E1005DD413 /* YouTubeMediaTests */,
				C59F524F1FA936E1005DD413 /* YouTubeMediaUITests */,
			);
		};
/* End PBXProject section */

/* Begin PBXResourcesBuildPhase section */
		C59F522F1FA936E0005DD413 /* Resources */ = {
			isa = PBXResourcesBuildPhase;
			buildActionMask = 2147483647;
			files = (
				C59F523F1FA936E0005DD413 /* LaunchScreen.storyboard in Resources */,
				C59F523C1FA936E0005DD413 /* Assets.xcassets in Resources */,
				C59F523A1FA936E0005DD413 /* Main.storyboard in Resources */,
			);
			runOnlyForDeploymentPostprocessing = 0;
		};
		C59F52431FA936E1005DD413 /* Resources */ = {
			isa = PBXResourcesBuildPhase;
			buildActionMask = 2147483647;
			files = (
			);
			runOnlyForDeploymentPostprocessing = 0;
		};
		C59F524E1FA936E1005DD413 /* Resources */ = {
			isa = PBXResourcesBuildPhase;
			buildActionMask = 2147483647;
			files = (
			);
			runOnlyForDeploymentPostprocessing = 0;
		};
/* End PBXResourcesBuildPhase section */

/* Begin PBXSourcesBuildPhase section */
		C59F522D1FA936E0005DD413 /* Sources */ = {
			isa = PBXSourcesBuildPhase;
			buildActionMask = 2147483647;
			files = (
				C5D06CF31FB11821005A734B /* VideorCell.swift in Sources */,
				C59F52371FA936E0005DD413 /* HomeController.swift in Sources */,
				C5D06CF11FB11366005A734B /* Extensions.swift in Sources */,
				C59F52351FA936E0005DD413 /* AppDelegate.swift in Sources */,
				C5A81F231FB3BD2600BD9564 /* MenuBar.swift in Sources */,
			);
			runOnlyForDeploymentPostprocessing = 0;
		};
		C59F52411FA936E1005DD413 /* Sources */ = {
			isa = PBXSourcesBuildPhase;
			buildActionMask = 2147483647;
			files = (
				C59F524A1FA936E1005DD413 /* YouTubeMediaTests.swift in Sources */,
			);
			runOnlyForDeploymentPostprocessing = 0;
		};
		C59F524C1FA936E1005DD413 /* Sources */ = {
			isa = PBXSourcesBuildPhase;
			buildActionMask = 2147483647;
			files = (
				C59F52551FA936E1005DD413 /* YouTubeMediaUITests.swift in Sources */,
			);
			runOnlyForDeploymentPostprocessing = 0;
		};
/* End PBXSourcesBuildPhase section */

/* Begin PBXTargetDependency section */
		C59F52471FA936E1005DD413 /* PBXTargetDependency */ = {
			isa = PBXTargetDependency;
			target = C59F52301FA936E0005DD413 /* YouTubeMedia */;
			targetProxy = C59F52461FA936E1005DD413 /* PBXContainerItemProxy */;
		};
		C59F52521FA936E1005DD413 /* PBXTargetDependency */ = {
			isa = PBXTargetDependency;
			target = C59F52301FA936E0005DD413 /* YouTubeMedia */;
			targetProxy = C59F52511FA936E1005DD413 /* PBXContainerItemProxy */;
		};
/* End PBXTargetDependency section */

/* Begin PBXVariantGroup section */
		C59F52381FA936E0005DD413 /* Main.storyboard */ = {
			isa = PBXVariantGroup;
			children = (
				C59F52391FA936E0005DD413 /* Base */,
			);
			name = Main.storyboard;
			sourceTree = "<group>";
		};
		C59F523D1FA936E0005DD413 /* LaunchScreen.storyboard */ = {
			isa = PBXVariantGroup;
			children = (
				C59F523E1FA936E0005DD413 /* Base */,
			);
			name = LaunchScreen.storyboard;
			sourceTree = "<group>";
		};
/* End PBXVariantGroup section */

/* Begin XCBuildConfiguration section */
		C59F52571FA936E1005DD413 /* Debug */ = {
			isa = XCBuildConfiguration;
			buildSettings = {
				ALWAYS_SEARCH_USER_PATHS = NO;
				CLANG_ANALYZER_NONNULL = YES;
				CLANG_ANALYZER_NUMBER_OBJECT_CONVERSION = YES_AGGRESSIVE;
				CLANG_CXX_LANGUAGE_STANDARD = "gnu++14";
				CLANG_CXX_LIBRARY = "libc++";
				CLANG_ENABLE_MODULES = YES;
				CLANG_ENABLE_OBJC_ARC = YES;
				CLANG_WARN_BLOCK_CAPTURE_AUTORELEASING = YES;
				CLANG_WARN_BOOL_CONVERSION = YES;
				CLANG_WARN_COMMA = YES;
				CLANG_WARN_CONSTANT_CONVERSION = YES;
				CLANG_WARN_DIRECT_OBJC_ISA_USAGE = YES_ERROR;
				CLANG_WARN_DOCUMENTATION_COMMENTS = YES;
				CLANG_WARN_EMPTY_BODY = YES;
				CLANG_WARN_ENUM_CONVERSION = YES;
				CLANG_WARN_INFINITE_RECURSION = YES;
				CLANG_WARN_INT_CONVERSION = YES;
				CLANG_WARN_NON_LITERAL_NULL_CONVERSION = YES;
				CLANG_WARN_OBJC_LITERAL_CONVERSION = YES;
				CLANG_WARN_OBJC_ROOT_CLASS = YES_ERROR;
				CLANG_WARN_RANGE_LOOP_ANALYSIS = YES;
				CLANG_WARN_STRICT_PROTOTYPES = YES;
				CLANG_WARN_SUSPICIOUS_MOVE = YES;
				CLANG_WARN_UNGUARDED_AVAILABILITY = YES_AGGRESSIVE;
				CLANG_WARN_UNREACHABLE_CODE = YES;
				CLANG_WARN__DUPLICATE_METHOD_MATCH = YES;
				CODE_SIGN_IDENTITY = "iPhone Developer";
				COPY_PHASE_STRIP = NO;
				DEBUG_INFORMATION_FORMAT = dwarf;
				ENABLE_STRICT_OBJC_MSGSEND = YES;
				ENABLE_TESTABILITY = YES;
				GCC_C_LANGUAGE_STANDARD = gnu11;
				GCC_DYNAMIC_NO_PIC = NO;
				GCC_NO_COMMON_BLOCKS = YES;
				GCC_OPTIMIZATION_LEVEL = 0;
				GCC_PREPROCESSOR_DEFINITIONS = (
					"DEBUG=1",
					"$(inherited)",
				);
				GCC_WARN_64_TO_32_BIT_CONVERSION = YES;
				GCC_WARN_ABOUT_RETURN_TYPE = YES_ERROR;
				GCC_WARN_UNDECLARED_SELECTOR = YES;
				GCC_WARN_UNINITIALIZED_AUTOS = YES_AGGRESSIVE;
				GCC_WARN_UNUSED_FUNCTION = YES;
				GCC_WARN_UNUSED_VARIABLE = YES;
				IPHONEOS_DEPLOYMENT_TARGET = 11.1;
				MTL_ENABLE_DEBUG_INFO = YES;
				ONLY_ACTIVE_ARCH = YES;
				SDKROOT = iphoneos;
				SWIFT_ACTIVE_COMPILATION_CONDITIONS = DEBUG;
				SWIFT_OPTIMIZATION_LEVEL = "-Onone";
			};
			name = Debug;
		};
		C59F52581FA936E1005DD413 /* Release */ = {
			isa = XCBuildConfiguration;
			buildSettings = {
				ALWAYS_SEARCH_USER_PATHS = NO;
				CLANG_ANALYZER_NONNULL = YES;
				CLANG_ANALYZER_NUMBER_OBJECT_CONVERSION = YES_AGGRESSIVE;
				CLANG_CXX_LANGUAGE_STANDARD = "gnu++14";
				CLANG_CXX_LIBRARY = "libc++";
				CLANG_ENABLE_MODULES = YES;
				CLANG_ENABLE_OBJC_ARC = YES;
				CLANG_WARN_BLOCK_CAPTURE_AUTORELEASING = YES;
				CLANG_WARN_BOOL_CONVERSION = YES;
				CLANG_WARN_COMMA = YES;
				CLANG_WARN_CONSTANT_CONVERSION = YES;
				CLANG_WARN_DIRECT_OBJC_ISA_USAGE = YES_ERROR;
				CLANG_WARN_DOCUMENTATION_COMMENTS = YES;
				CLANG_WARN_EMPTY_BODY = YES;
				CLANG_WARN_ENUM_CONVERSION = YES;
				CLANG_WARN_INFINITE_RECURSION = YES;
				CLANG_WARN_INT_CONVERSION = YES;
				CLANG_WARN_NON_LITERAL_NULL_CONVERSION = YES;
				CLANG_WARN_OBJC_LITERAL_CONVERSION = YES;
				CLANG_WARN_OBJC_ROOT_CLASS = YES_ERROR;
				CLANG_WARN_RANGE_LOOP_ANALYSIS = YES;
				CLANG_WARN_STRICT_PROTOTYPES = YES;
				CLANG_WARN_SUSPICIOUS_MOVE = YES;
				CLANG_WARN_UNGUARDED_AVAILABILITY = YES_AGGRESSIVE;
				CLANG_WARN_UNREACHABLE_CODE = YES;
				CLANG_WARN__DUPLICATE_METHOD_MATCH = YES;
				CODE_SIGN_IDENTITY = "iPhone Developer";
				COPY_PHASE_STRIP = NO;
				DEBUG_INFORMATION_FORMAT = "dwarf-with-dsym";
				ENABLE_NS_ASSERTIONS = NO;
				ENABLE_STRICT_OBJC_MSGSEND = YES;
				GCC_C_LANGUAGE_STANDARD = gnu11;
				GCC_NO_COMMON_BLOCKS = YES;
				GCC_WARN_64_TO_32_BIT_CONVERSION = YES;
				GCC_WARN_ABOUT_RETURN_TYPE = YES_ERROR;
				GCC_WARN_UNDECLARED_SELECTOR = YES;
				GCC_WARN_UNINITIALIZED_AUTOS = YES_AGGRESSIVE;
				GCC_WARN_UNUSED_FUNCTION = YES;
				GCC_WARN_UNUSED_VARIABLE = YES;
				IPHONEOS_DEPLOYMENT_TARGET = 11.1;
				MTL_ENABLE_DEBUG_INFO = NO;
				SDKROOT = iphoneos;
				SWIFT_OPTIMIZATION_LEVEL = "-Owholemodule";
				VALIDATE_PRODUCT = YES;
			};
			name = Release;
		};
		C59F525A1FA936E1005DD413 /* Debug */ = {
			isa = XCBuildConfiguration;
			buildSettings = {
				ASSETCATALOG_COMPILER_APPICON_NAME = AppIcon;
				CODE_SIGN_STYLE = Automatic;
				INFOPLIST_FILE = YouTubeMedia/Info.plist;
				LD_RUNPATH_SEARCH_PATHS = "$(inherited) @executable_path/Frameworks";
				PRODUCT_BUNDLE_IDENTIFIER = ashim.YouTubeMedia;
				PRODUCT_NAME = "$(TARGET_NAME)";
				SWIFT_VERSION = 4.0;
				TARGETED_DEVICE_FAMILY = "1,2";
			};
			name = Debug;
		};
		C59F525B1FA936E1005DD413 /* Release */ = {
			isa = XCBuildConfiguration;
			buildSettings = {
				ASSETCATALOG_COMPILER_APPICON_NAME = AppIcon;
				CODE_SIGN_STYLE = Automatic;
				INFOPLIST_FILE = YouTubeMedia/Info.plist;
				LD_RUNPATH_SEARCH_PATHS = "$(inherited) @executable_path/Frameworks";
				PRODUCT_BUNDLE_IDENTIFIER = ashim.YouTubeMedia;
				PRODUCT_NAME = "$(TARGET_NAME)";
				SWIFT_VERSION = 4.0;
				TARGETED_DEVICE_FAMILY = "1,2";
			};
			name = Release;
		};
		C59F525D1FA936E1005DD413 /* Debug */ = {
			isa = XCBuildConfiguration;
			buildSettings = {
				ALWAYS_EMBED_SWIFT_STANDARD_LIBRARIES = YES;
				BUNDLE_LOADER = "$(TEST_HOST)";
				CODE_SIGN_STYLE = Automatic;
				INFOPLIST_FILE = YouTubeMediaTests/Info.plist;
				LD_RUNPATH_SEARCH_PATHS = "$(inherited) @executable_path/Frameworks @loader_path/Frameworks";
				PRODUCT_BUNDLE_IDENTIFIER = ashim.YouTubeMediaTests;
				PRODUCT_NAME = "$(TARGET_NAME)";
				SWIFT_VERSION = 4.0;
				TARGETED_DEVICE_FAMILY = "1,2";
				TEST_HOST = "$(BUILT_PRODUCTS_DIR)/YouTubeMedia.app/YouTubeMedia";
			};
			name = Debug;
		};
		C59F525E1FA936E1005DD413 /* Release */ = {
			isa = XCBuildConfiguration;
			buildSettings = {
				ALWAYS_EMBED_SWIFT_STANDARD_LIBRARIES = YES;
				BUNDLE_LOADER = "$(TEST_HOST)";
				CODE_SIGN_STYLE = Automatic;
				INFOPLIST_FILE = YouTubeMediaTests/Info.plist;
				LD_RUNPATH_SEARCH_PATHS = "$(inherited) @executable_path/Frameworks @loader_path/Frameworks";
				PRODUCT_BUNDLE_IDENTIFIER = ashim.YouTubeMediaTests;
				PRODUCT_NAME = "$(TARGET_NAME)";
				SWIFT_VERSION = 4.0;
				TARGETED_DEVICE_FAMILY = "1,2";
				TEST_HOST = "$(BUILT_PRODUCTS_DIR)/YouTubeMedia.app/YouTubeMedia";
			};
			name = Release;
		};
		C59F52601FA936E1005DD413 /* Debug */ = {
			isa = XCBuildConfiguration;
			buildSettings = {
				ALWAYS_EMBED_SWIFT_STANDARD_LIBRARIES = YES;
				CODE_SIGN_STYLE = Automatic;
				INFOPLIST_FILE = YouTubeMediaUITests/Info.plist;
				LD_RUNPATH_SEARCH_PATHS = "$(inherited) @executable_path/Frameworks @loader_path/Frameworks";
				PRODUCT_BUNDLE_IDENTIFIER = ashim.YouTubeMediaUITests;
				PRODUCT_NAME = "$(TARGET_NAME)";
				SWIFT_VERSION = 4.0;
				TARGETED_DEVICE_FAMILY = "1,2";
				TEST_TARGET_NAME = YouTubeMedia;
			};
			name = Debug;
		};
		C59F52611FA936E1005DD413 /* Release */ = {
			isa = XCBuildConfiguration;
			buildSettings = {
				ALWAYS_EMBED_SWIFT_STANDARD_LIBRARIES = YES;
				CODE_SIGN_STYLE = Automatic;
				INFOPLIST_FILE = YouTubeMediaUITests/Info.plist;
				LD_RUNPATH_SEARCH_PATHS = "$(inherited) @executable_path/Frameworks @loader_path/Frameworks";
				PRODUCT_BUNDLE_IDENTIFIER = ashim.YouTubeMediaUITests;
				PRODUCT_NAME = "$(TARGET_NAME)";
				SWIFT_VERSION = 4.0;
				TARGETED_DEVICE_FAMILY = "1,2";
				TEST_TARGET_NAME = YouTubeMedia;
			};
			name = Release;
		};
/* End XCBuildConfiguration section */

/* Begin XCConfigurationList section */
		C59F522C1FA936E0005DD413 /* Build configuration list for PBXProject "YouTubeMedia" */ = {
			isa = XCConfigurationList;
			buildConfigurations = (
				C59F52571FA936E1005DD413 /* Debug */,
				C59F52581FA936E1005DD413 /* Release */,
			);
			defaultConfigurationIsVisible = 0;
			defaultConfigurationName = Release;
		};
		C59F52591FA936E1005DD413 /* Build configuration list for PBXNativeTarget "YouTubeMedia" */ = {
			isa = XCConfigurationList;
			buildConfigurations = (
				C59F525A1FA936E1005DD413 /* Debug */,
				C59F525B1FA936E1005DD413 /* Release */,
			);
			defaultConfigurationIsVisible = 0;
			defaultConfigurationName = Release;
		};
		C59F525C1FA936E1005DD413 /* Build configuration list for PBXNativeTarget "YouTubeMediaTests" */ = {
			isa = XCConfigurationList;
			buildConfigurations = (
				C59F525D1FA936E1005DD413 /* Debug */,
				C59F525E1FA936E1005DD413 /* Release */,
			);
			defaultConfigurationIsVisible = 0;
			defaultConfigurationName = Release;
		};
		C59F525F1FA936E1005DD413 /* Build configuration list for PBXNativeTarget "YouTubeMediaUITests" */ = {
			isa = XCConfigurationList;
			buildConfigurations = (
				C59F52601FA936E1005DD413 /* Debug */,
				C59F52611FA936E1005DD413 /* Release */,
			);
			defaultConfigurationIsVisible = 0;
			defaultConfigurationName = Release;
		};
/* End XCConfigurationList section */
	};
	rootObject = C59F52291FA936E0005DD413 /* Project object */;
}
